
Microsoft Visual Studio Solution File, Format Version 12.00
# Visual Studio Version 17
VisualStudioVersion = 17.8.34330.188
MinimumVisualStudioVersion = 10.0.40219.1
Project("{FAE04EC0-301F-11D3-BF4B-00C04F79EFBC}") = "EmployeesMVC", "EmployeesMVC.csproj", "{5B792B91-C9EB-422E-9A94-F5978A63AD9F}"
EndProject
Global
	GlobalSection(SolutionConfigurationPlatforms) = preSolution
		Debug|Any CPU = Debug|Any CPU
		Release|Any CPU = Release|Any CPU
	EndGlobalSection
	GlobalSection(ProjectConfigurationPlatforms) = postSolution
		{5B792B91-C9EB-422E-9A94-F5978A63AD9F}.Debug|Any CPU.ActiveCfg = Debug|Any CPU
		{5B792B91-C9EB-422E-9A94-F5978A63AD9F}.Debug|Any CPU.Build.0 = Debug|Any CPU
		{5B792B91-C9EB-422E-9A94-F5978A63AD9F}.Release|Any CPU.ActiveCfg = Release|Any CPU
		{5B792B91-C9EB-422E-9A94-F5978A63AD9F}.Release|Any CPU.Build.0 = Release|Any CPU
	EndGlobalSection
	GlobalSection(SolutionProperties) = preSolution
		HideSolutionNode = FALSE
	EndGlobalSection
	GlobalSection(ExtensibilityGlobals) = postSolution
		SolutionGuid = {5C1F5EB1-83A7-409E-B84F-8301B46348E8}
	EndGlobalSection
EndGlobal
