
Microsoft Visual Studio Solution File, Format Version 12.00
# Visual Studio Version 17
VisualStudioVersion = 17.8.34330.188
MinimumVisualStudioVersion = 10.0.40219.1
Project("{FAE04EC0-301F-11D3-BF4B-00C04F79EFBC}") = "MinimalApi", "MinimalApi.csproj", "{09FEBC9B-67ED-4CFE-B5E5-C9AC1E4E9730}"
EndProject
Global
	GlobalSection(SolutionConfigurationPlatforms) = preSolution
		Debug|Any CPU = Debug|Any CPU
		Release|Any CPU = Release|Any CPU
	EndGlobalSection
	GlobalSection(ProjectConfigurationPlatforms) = postSolution
		{09FEBC9B-67ED-4CFE-B5E5-C9AC1E4E9730}.Debug|Any CPU.ActiveCfg = Debug|Any CPU
		{09FEBC9B-67ED-4CFE-B5E5-C9AC1E4E9730}.Debug|Any CPU.Build.0 = Debug|Any CPU
		{09FEBC9B-67ED-4CFE-B5E5-C9AC1E4E9730}.Release|Any CPU.ActiveCfg = Release|Any CPU
		{09FEBC9B-67ED-4CFE-B5E5-C9AC1E4E9730}.Release|Any CPU.Build.0 = Release|Any CPU
	EndGlobalSection
	GlobalSection(SolutionProperties) = preSolution
		HideSolutionNode = FALSE
	EndGlobalSection
	GlobalSection(ExtensibilityGlobals) = postSolution
		SolutionGuid = {B92D82E4-9C10-44B6-9A46-91E6F19EB418}
	EndGlobalSection
EndGlobal
